
Microsoft Visual Studio Solution File, Format Version 12.00
# Visual Studio Version 16
VisualStudioVersion = 16.0.29519.181
MinimumVisualStudioVersion = 10.0.40219.1
Project("{FAE04EC0-301F-11D3-BF4B-00C04F79EFBC}") = "Holdsworth.Checker", "Holdsworth.Checker\Holdsworth.Checker.csproj", "{4A47F311-54C3-47D9-8FDD-6744BEEA5D02}"
EndProject
Project("{FAE04EC0-301F-11D3-BF4B-00C04F79EFBC}") = "Holdsworth.CheckerTests", "Holdsworth.CheckerTests\Holdsworth.CheckerTests.csproj", "{46A692E6-99E4-4B17-AE71-777C4F3DB4DD}"
EndProject
Global
	GlobalSection(SolutionConfigurationPlatforms) = preSolution
		Debug|Any CPU = Debug|Any CPU
		Debug|x64 = Debug|x64
		Release|Any CPU = Release|Any CPU
		Release|x64 = Release|x64
	EndGlobalSection
	GlobalSection(ProjectConfigurationPlatforms) = postSolution
		{4A47F311-54C3-47D9-8FDD-6744BEEA5D02}.Debug|Any CPU.ActiveCfg = Debug|Any CPU
		{4A47F311-54C3-47D9-8FDD-6744BEEA5D02}.Debug|Any CPU.Build.0 = Debug|Any CPU
		{4A47F311-54C3-47D9-8FDD-6744BEEA5D02}.Debug|x64.ActiveCfg = Debug|x64
		{4A47F311-54C3-47D9-8FDD-6744BEEA5D02}.Debug|x64.Build.0 = Debug|x64
		{4A47F311-54C3-47D9-8FDD-6744BEEA5D02}.Release|Any CPU.ActiveCfg = Release|Any CPU
		{4A47F311-54C3-47D9-8FDD-6744BEEA5D02}.Release|Any CPU.Build.0 = Release|Any CPU
		{4A47F311-54C3-47D9-8FDD-6744BEEA5D02}.Release|x64.ActiveCfg = Release|x64
		{4A47F311-54C3-47D9-8FDD-6744BEEA5D02}.Release|x64.Build.0 = Release|x64
		{46A692E6-99E4-4B17-AE71-777C4F3DB4DD}.Debug|Any CPU.ActiveCfg = Debug|Any CPU
		{46A692E6-99E4-4B17-AE71-777C4F3DB4DD}.Debug|Any CPU.Build.0 = Debug|Any CPU
		{46A692E6-99E4-4B17-AE71-777C4F3DB4DD}.Debug|x64.ActiveCfg = Debug|x64
		{46A692E6-99E4-4B17-AE71-777C4F3DB4DD}.Debug|x64.Build.0 = Debug|x64
		{46A692E6-99E4-4B17-AE71-777C4F3DB4DD}.Release|Any CPU.ActiveCfg = Release|Any CPU
		{46A692E6-99E4-4B17-AE71-777C4F3DB4DD}.Release|Any CPU.Build.0 = Release|Any CPU
		{46A692E6-99E4-4B17-AE71-777C4F3DB4DD}.Release|x64.ActiveCfg = Release|Any CPU
		{46A692E6-99E4-4B17-AE71-777C4F3DB4DD}.Release|x64.Build.0 = Release|Any CPU
	EndGlobalSection
	GlobalSection(SolutionProperties) = preSolution
		HideSolutionNode = FALSE
	EndGlobalSection
	GlobalSection(ExtensibilityGlobals) = postSolution
		SolutionGuid = {3FB4D43B-A73E-4926-B51F-422E18875C6A}
	EndGlobalSection
EndGlobal
